
Microsoft Visual Studio Solution File, Format Version 11.00
# Visual Studio 2010
Project("{8BC9CEB8-8B4A-11D0-8D11-00A0C91BC942}") = "linkedList", "linkedList\linkedList.vcxproj", "{FB74560A-EDCF-44C5-B149-86508915C66E}"
EndProject
Global
	GlobalSection(SolutionConfigurationPlatforms) = preSolution
		Debug|Win32 = Debug|Win32
		Release|Win32 = Release|Win32
	EndGlobalSection
	GlobalSection(ProjectConfigurationPlatforms) = postSolution
		{FB74560A-EDCF-44C5-B149-86508915C66E}.Debug|Win32.ActiveCfg = Debug|Win32
		{FB74560A-EDCF-44C5-B149-86508915C66E}.Debug|Win32.Build.0 = Debug|Win32
		{FB74560A-EDCF-44C5-B149-86508915C66E}.Release|Win32.ActiveCfg = Release|Win32
		{FB74560A-EDCF-44C5-B149-86508915C66E}.Release|Win32.Build.0 = Release|Win32
	EndGlobalSection
	GlobalSection(SolutionProperties) = preSolution
		HideSolutionNode = FALSE
	EndGlobalSection
EndGlobal
